
Microsoft Visual Studio Solution File, Format Version 12.00
# Visual Studio Version 16
VisualStudioVersion = 16.0.29920.165
MinimumVisualStudioVersion = 10.0.40219.1
Project("{9A19103F-16F7-4668-BE54-9A1E7A4F7556}") = "Soccer.Common", "Soccer.Common\Soccer.Common.csproj", "{035BFC1B-EAF3-4205-8AAE-27FFE7E6E7A4}"
EndProject
Project("{9A19103F-16F7-4668-BE54-9A1E7A4F7556}") = "Soccer.Web", "Soccer.Web\Soccer.Web.csproj", "{85539A73-9150-4C00-91C0-45648F0BF082}"
EndProject
Project("{9A19103F-16F7-4668-BE54-9A1E7A4F7556}") = "Soccer.Prism", "Soccer.Prism\Soccer.Prism\Soccer.Prism.csproj", "{26685595-1C9C-48F1-B3BD-5FD108D08865}"
EndProject
Project("{FAE04EC0-301F-11D3-BF4B-00C04F79EFBC}") = "Soccer.Prism.Android", "Soccer.Prism\Soccer.Prism.Android\Soccer.Prism.Android.csproj", "{CC340451-F8B0-43A2-9B09-D85277A03A5A}"
EndProject
Project("{FAE04EC0-301F-11D3-BF4B-00C04F79EFBC}") = "Soccer.Prism.iOS", "Soccer.Prism\Soccer.Prism.iOS\Soccer.Prism.iOS.csproj", "{62C9CD21-A430-4213-8B39-02B7127F2108}"
EndProject
Project("{FAE04EC0-301F-11D3-BF4B-00C04F79EFBC}") = "Soccer.Cross.Android", "Soccer.Cross.Android\Soccer.Cross.Android.csproj", "{C437290F-18F5-4DED-BF76-9BEFD79E6AD8}"
EndProject
Project("{FAE04EC0-301F-11D3-BF4B-00C04F79EFBC}") = "Soccer.Cross.iOS", "Soccer.Cross.iOS\Soccer.Cross.iOS.csproj", "{A66BC088-DFDA-4D56-9AB2-AD3374FC6CD0}"
EndProject
Global
	GlobalSection(SolutionConfigurationPlatforms) = preSolution
		Ad-Hoc|Any CPU = Ad-Hoc|Any CPU
		Ad-Hoc|iPhone = Ad-Hoc|iPhone
		Ad-Hoc|iPhoneSimulator = Ad-Hoc|iPhoneSimulator
		AppStore|Any CPU = AppStore|Any CPU
		AppStore|iPhone = AppStore|iPhone
		AppStore|iPhoneSimulator = AppStore|iPhoneSimulator
		Debug|Any CPU = Debug|Any CPU
		Debug|iPhone = Debug|iPhone
		Debug|iPhoneSimulator = Debug|iPhoneSimulator
		Release|Any CPU = Release|Any CPU
		Release|iPhone = Release|iPhone
		Release|iPhoneSimulator = Release|iPhoneSimulator
	EndGlobalSection
	GlobalSection(ProjectConfigurationPlatforms) = postSolution
		{035BFC1B-EAF3-4205-8AAE-27FFE7E6E7A4}.Ad-Hoc|Any CPU.ActiveCfg = Debug|Any CPU
		{035BFC1B-EAF3-4205-8AAE-27FFE7E6E7A4}.Ad-Hoc|Any CPU.Build.0 = Debug|Any CPU
		{035BFC1B-EAF3-4205-8AAE-27FFE7E6E7A4}.Ad-Hoc|iPhone.ActiveCfg = Debug|Any CPU
		{035BFC1B-EAF3-4205-8AAE-27FFE7E6E7A4}.Ad-Hoc|iPhone.Build.0 = Debug|Any CPU
		{035BFC1B-EAF3-4205-8AAE-27FFE7E6E7A4}.Ad-Hoc|iPhoneSimulator.ActiveCfg = Debug|Any CPU
		{035BFC1B-EAF3-4205-8AAE-27FFE7E6E7A4}.Ad-Hoc|iPhoneSimulator.Build.0 = Debug|Any CPU
		{035BFC1B-EAF3-4205-8AAE-27FFE7E6E7A4}.AppStore|Any CPU.ActiveCfg = Debug|Any CPU
		{035BFC1B-EAF3-4205-8AAE-27FFE7E6E7A4}.AppStore|Any CPU.Build.0 = Debug|Any CPU
		{035BFC1B-EAF3-4205-8AAE-27FFE7E6E7A4}.AppStore|iPhone.ActiveCfg = Debug|Any CPU
		{035BFC1B-EAF3-4205-8AAE-27FFE7E6E7A4}.AppStore|iPhone.Build.0 = Debug|Any CPU
		{035BFC1B-EAF3-4205-8AAE-27FFE7E6E7A4}.AppStore|iPhoneSimulator.ActiveCfg = Debug|Any CPU
		{035BFC1B-EAF3-4205-8AAE-27FFE7E6E7A4}.AppStore|iPhoneSimulator.Build.0 = Debug|Any CPU
		{035BFC1B-EAF3-4205-8AAE-27FFE7E6E7A4}.Debug|Any CPU.ActiveCfg = Debug|Any CPU
		{035BFC1B-EAF3-4205-8AAE-27FFE7E6E7A4}.Debug|Any CPU.Build.0 = Debug|Any CPU
		{035BFC1B-EAF3-4205-8AAE-27FFE7E6E7A4}.Debug|iPhone.ActiveCfg = Debug|Any CPU
		{035BFC1B-EAF3-4205-8AAE-27FFE7E6E7A4}.Debug|iPhone.Build.0 = Debug|Any CPU
		{035BFC1B-EAF3-4205-8AAE-27FFE7E6E7A4}.Debug|iPhoneSimulator.ActiveCfg = Debug|Any CPU
		{035BFC1B-EAF3-4205-8AAE-27FFE7E6E7A4}.Debug|iPhoneSimulator.Build.0 = Debug|Any CPU
		{035BFC1B-EAF3-4205-8AAE-27FFE7E6E7A4}.Release|Any CPU.ActiveCfg = Release|Any CPU
		{035BFC1B-EAF3-4205-8AAE-27FFE7E6E7A4}.Release|Any CPU.Build.0 = Release|Any CPU
		{035BFC1B-EAF3-4205-8AAE-27FFE7E6E7A4}.Release|iPhone.ActiveCfg = Release|Any CPU
		{035BFC1B-EAF3-4205-8AAE-27FFE7E6E7A4}.Release|iPhone.Build.0 = Release|Any CPU
		{035BFC1B-EAF3-4205-8AAE-27FFE7E6E7A4}.Release|iPhoneSimulator.ActiveCfg = Release|Any CPU
		{035BFC1B-EAF3-4205-8AAE-27FFE7E6E7A4}.Release|iPhoneSimulator.Build.0 = Release|Any CPU
		{85539A73-9150-4C00-91C0-45648F0BF082}.Ad-Hoc|Any CPU.ActiveCfg = Debug|Any CPU
		{85539A73-9150-4C00-91C0-45648F0BF082}.Ad-Hoc|Any CPU.Build.0 = Debug|Any CPU
		{85539A73-9150-4C00-91C0-45648F0BF082}.Ad-Hoc|iPhone.ActiveCfg = Debug|Any CPU
		{85539A73-9150-4C00-91C0-45648F0BF082}.Ad-Hoc|iPhone.Build.0 = Debug|Any CPU
		{85539A73-9150-4C00-91C0-45648F0BF082}.Ad-Hoc|iPhoneSimulator.ActiveCfg = Debug|Any CPU
		{85539A73-9150-4C00-91C0-45648F0BF082}.Ad-Hoc|iPhoneSimulator.Build.0 = Debug|Any CPU
		{85539A73-9150-4C00-91C0-45648F0BF082}.AppStore|Any CPU.ActiveCfg = Debug|Any CPU
		{85539A73-9150-4C00-91C0-45648F0BF082}.AppStore|Any CPU.Build.0 = Debug|Any CPU
		{85539A73-9150-4C00-91C0-45648F0BF082}.AppStore|iPhone.ActiveCfg = Debug|Any CPU
		{85539A73-9150-4C00-91C0-45648F0BF082}.AppStore|iPhone.Build.0 = Debug|Any CPU
		{85539A73-9150-4C00-91C0-45648F0BF082}.AppStore|iPhoneSimulator.ActiveCfg = Debug|Any CPU
		{85539A73-9150-4C00-91C0-45648F0BF082}.AppStore|iPhoneSimulator.Build.0 = Debug|Any CPU
		{85539A73-9150-4C00-91C0-45648F0BF082}.Debug|Any CPU.ActiveCfg = Debug|Any CPU
		{85539A73-9150-4C00-91C0-45648F0BF082}.Debug|Any CPU.Build.0 = Debug|Any CPU
		{85539A73-9150-4C00-91C0-45648F0BF082}.Debug|iPhone.ActiveCfg = Debug|Any CPU
		{85539A73-9150-4C00-91C0-45648F0BF082}.Debug|iPhone.Build.0 = Debug|Any CPU
		{85539A73-9150-4C00-91C0-45648F0BF082}.Debug|iPhoneSimulator.ActiveCfg = Debug|Any CPU
		{85539A73-9150-4C00-91C0-45648F0BF082}.Debug|iPhoneSimulator.Build.0 = Debug|Any CPU
		{85539A73-9150-4C00-91C0-45648F0BF082}.Release|Any CPU.ActiveCfg = Release|Any CPU
		{85539A73-9150-4C00-91C0-45648F0BF082}.Release|Any CPU.Build.0 = Release|Any CPU
		{85539A73-9150-4C00-91C0-45648F0BF082}.Release|iPhone.ActiveCfg = Release|Any CPU
		{85539A73-9150-4C00-91C0-45648F0BF082}.Release|iPhone.Build.0 = Release|Any CPU
		{85539A73-9150-4C00-91C0-45648F0BF082}.Release|iPhoneSimulator.ActiveCfg = Release|Any CPU
		{85539A73-9150-4C00-91C0-45648F0BF082}.Release|iPhoneSimulator.Build.0 = Release|Any CPU
		{26685595-1C9C-48F1-B3BD-5FD108D08865}.Ad-Hoc|Any CPU.ActiveCfg = Debug|Any CPU
		{26685595-1C9C-48F1-B3BD-5FD108D08865}.Ad-Hoc|Any CPU.Build.0 = Debug|Any CPU
		{26685595-1C9C-48F1-B3BD-5FD108D08865}.Ad-Hoc|iPhone.ActiveCfg = Debug|Any CPU
		{26685595-1C9C-48F1-B3BD-5FD108D08865}.Ad-Hoc|iPhone.Build.0 = Debug|Any CPU
		{26685595-1C9C-48F1-B3BD-5FD108D08865}.Ad-Hoc|iPhoneSimulator.ActiveCfg = Debug|Any CPU
		{26685595-1C9C-48F1-B3BD-5FD108D08865}.Ad-Hoc|iPhoneSimulator.Build.0 = Debug|Any CPU
		{26685595-1C9C-48F1-B3BD-5FD108D08865}.AppStore|Any CPU.ActiveCfg = Debug|Any CPU
		{26685595-1C9C-48F1-B3BD-5FD108D08865}.AppStore|Any CPU.Build.0 = Debug|Any CPU
		{26685595-1C9C-48F1-B3BD-5FD108D08865}.AppStore|iPhone.ActiveCfg = Debug|Any CPU
		{26685595-1C9C-48F1-B3BD-5FD108D08865}.AppStore|iPhone.Build.0 = Debug|Any CPU
		{26685595-1C9C-48F1-B3BD-5FD108D08865}.AppStore|iPhoneSimulator.ActiveCfg = Debug|Any CPU
		{26685595-1C9C-48F1-B3BD-5FD108D08865}.AppStore|iPhoneSimulator.Build.0 = Debug|Any CPU
		{26685595-1C9C-48F1-B3BD-5FD108D08865}.Debug|Any CPU.ActiveCfg = Debug|Any CPU
		{26685595-1C9C-48F1-B3BD-5FD108D08865}.Debug|Any CPU.Build.0 = Debug|Any CPU
		{26685595-1C9C-48F1-B3BD-5FD108D08865}.Debug|iPhone.ActiveCfg = Debug|Any CPU
		{26685595-1C9C-48F1-B3BD-5FD108D08865}.Debug|iPhone.Build.0 = Debug|Any CPU
		{26685595-1C9C-48F1-B3BD-5FD108D08865}.Debug|iPhoneSimulator.ActiveCfg = Debug|Any CPU
		{26685595-1C9C-48F1-B3BD-5FD108D08865}.Debug|iPhoneSimulator.Build.0 = Debug|Any CPU
		{26685595-1C9C-48F1-B3BD-5FD108D08865}.Release|Any CPU.ActiveCfg = Release|Any CPU
		{26685595-1C9C-48F1-B3BD-5FD108D08865}.Release|Any CPU.Build.0 = Release|Any CPU
		{26685595-1C9C-48F1-B3BD-5FD108D08865}.Release|iPhone.ActiveCfg = Release|Any CPU
		{26685595-1C9C-48F1-B3BD-5FD108D08865}.Release|iPhone.Build.0 = Release|Any CPU
		{26685595-1C9C-48F1-B3BD-5FD108D08865}.Release|iPhoneSimulator.ActiveCfg = Release|Any CPU
		{26685595-1C9C-48F1-B3BD-5FD108D08865}.Release|iPhoneSimulator.Build.0 = Release|Any CPU
		{CC340451-F8B0-43A2-9B09-D85277A03A5A}.Ad-Hoc|Any CPU.ActiveCfg = Release|Any CPU
		{CC340451-F8B0-43A2-9B09-D85277A03A5A}.Ad-Hoc|Any CPU.Build.0 = Release|Any CPU
		{CC340451-F8B0-43A2-9B09-D85277A03A5A}.Ad-Hoc|Any CPU.Deploy.0 = Release|Any CPU
		{CC340451-F8B0-43A2-9B09-D85277A03A5A}.Ad-Hoc|iPhone.ActiveCfg = Release|Any CPU
		{CC340451-F8B0-43A2-9B09-D85277A03A5A}.Ad-Hoc|iPhone.Build.0 = Release|Any CPU
		{CC340451-F8B0-43A2-9B09-D85277A03A5A}.Ad-Hoc|iPhone.Deploy.0 = Release|Any CPU
		{CC340451-F8B0-43A2-9B09-D85277A03A5A}.Ad-Hoc|iPhoneSimulator.ActiveCfg = Release|Any CPU
		{CC340451-F8B0-43A2-9B09-D85277A03A5A}.Ad-Hoc|iPhoneSimulator.Build.0 = Release|Any CPU
		{CC340451-F8B0-43A2-9B09-D85277A03A5A}.Ad-Hoc|iPhoneSimulator.Deploy.0 = Release|Any CPU
		{CC340451-F8B0-43A2-9B09-D85277A03A5A}.AppStore|Any CPU.ActiveCfg = Release|Any CPU
		{CC340451-F8B0-43A2-9B09-D85277A03A5A}.AppStore|Any CPU.Build.0 = Release|Any CPU
		{CC340451-F8B0-43A2-9B09-D85277A03A5A}.AppStore|Any CPU.Deploy.0 = Release|Any CPU
		{CC340451-F8B0-43A2-9B09-D85277A03A5A}.AppStore|iPhone.ActiveCfg = Release|Any CPU
		{CC340451-F8B0-43A2-9B09-D85277A03A5A}.AppStore|iPhone.Build.0 = Release|Any CPU
		{CC340451-F8B0-43A2-9B09-D85277A03A5A}.AppStore|iPhone.Deploy.0 = Release|Any CPU
		{CC340451-F8B0-43A2-9B09-D85277A03A5A}.AppStore|iPhoneSimulator.ActiveCfg = Release|Any CPU
		{CC340451-F8B0-43A2-9B09-D85277A03A5A}.AppStore|iPhoneSimulator.Build.0 = Release|Any CPU
		{CC340451-F8B0-43A2-9B09-D85277A03A5A}.AppStore|iPhoneSimulator.Deploy.0 = Release|Any CPU
		{CC340451-F8B0-43A2-9B09-D85277A03A5A}.Debug|Any CPU.ActiveCfg = Debug|Any CPU
		{CC340451-F8B0-43A2-9B09-D85277A03A5A}.Debug|Any CPU.Build.0 = Debug|Any CPU
		{CC340451-F8B0-43A2-9B09-D85277A03A5A}.Debug|Any CPU.Deploy.0 = Debug|Any CPU
		{CC340451-F8B0-43A2-9B09-D85277A03A5A}.Debug|iPhone.ActiveCfg = Debug|Any CPU
		{CC340451-F8B0-43A2-9B09-D85277A03A5A}.Debug|iPhone.Build.0 = Debug|Any CPU
		{CC340451-F8B0-43A2-9B09-D85277A03A5A}.Debug|iPhone.Deploy.0 = Debug|Any CPU
		{CC340451-F8B0-43A2-9B09-D85277A03A5A}.Debug|iPhoneSimulator.ActiveCfg = Debug|Any CPU
		{CC340451-F8B0-43A2-9B09-D85277A03A5A}.Debug|iPhoneSimulator.Build.0 = Debug|Any CPU
		{CC340451-F8B0-43A2-9B09-D85277A03A5A}.Debug|iPhoneSimulator.Deploy.0 = Debug|Any CPU
		{CC340451-F8B0-43A2-9B09-D85277A03A5A}.Release|Any CPU.ActiveCfg = Release|Any CPU
		{CC340451-F8B0-43A2-9B09-D85277A03A5A}.Release|Any CPU.Build.0 = Release|Any CPU
		{CC340451-F8B0-43A2-9B09-D85277A03A5A}.Release|Any CPU.Deploy.0 = Release|Any CPU
		{CC340451-F8B0-43A2-9B09-D85277A03A5A}.Release|iPhone.ActiveCfg = Release|Any CPU
		{CC340451-F8B0-43A2-9B09-D85277A03A5A}.Release|iPhone.Build.0 = Release|Any CPU
		{CC340451-F8B0-43A2-9B09-D85277A03A5A}.Release|iPhone.Deploy.0 = Release|Any CPU
		{CC340451-F8B0-43A2-9B09-D85277A03A5A}.Release|iPhoneSimulator.ActiveCfg = Release|Any CPU
		{CC340451-F8B0-43A2-9B09-D85277A03A5A}.Release|iPhoneSimulator.Build.0 = Release|Any CPU
		{CC340451-F8B0-43A2-9B09-D85277A03A5A}.Release|iPhoneSimulator.Deploy.0 = Release|Any CPU
		{62C9CD21-A430-4213-8B39-02B7127F2108}.Ad-Hoc|Any CPU.ActiveCfg = Ad-Hoc|iPhone
		{62C9CD21-A430-4213-8B39-02B7127F2108}.Ad-Hoc|iPhone.ActiveCfg = Ad-Hoc|iPhone
		{62C9CD21-A430-4213-8B39-02B7127F2108}.Ad-Hoc|iPhone.Build.0 = Ad-Hoc|iPhone
		{62C9CD21-A430-4213-8B39-02B7127F2108}.Ad-Hoc|iPhoneSimulator.ActiveCfg = Ad-Hoc|iPhoneSimulator
		{62C9CD21-A430-4213-8B39-02B7127F2108}.Ad-Hoc|iPhoneSimulator.Build.0 = Ad-Hoc|iPhoneSimulator
		{62C9CD21-A430-4213-8B39-02B7127F2108}.AppStore|Any CPU.ActiveCfg = AppStore|iPhone
		{62C9CD21-A430-4213-8B39-02B7127F2108}.AppStore|iPhone.ActiveCfg = AppStore|iPhone
		{62C9CD21-A430-4213-8B39-02B7127F2108}.AppStore|iPhone.Build.0 = AppStore|iPhone
		{62C9CD21-A430-4213-8B39-02B7127F2108}.AppStore|iPhoneSimulator.ActiveCfg = AppStore|iPhoneSimulator
		{62C9CD21-A430-4213-8B39-02B7127F2108}.AppStore|iPhoneSimulator.Build.0 = AppStore|iPhoneSimulator
		{62C9CD21-A430-4213-8B39-02B7127F2108}.Debug|Any CPU.ActiveCfg = Debug|iPhone
		{62C9CD21-A430-4213-8B39-02B7127F2108}.Debug|iPhone.ActiveCfg = Debug|iPhone
		{62C9CD21-A430-4213-8B39-02B7127F2108}.Debug|iPhone.Build.0 = Debug|iPhone
		{62C9CD21-A430-4213-8B39-02B7127F2108}.Debug|iPhoneSimulator.ActiveCfg = Debug|iPhoneSimulator
		{62C9CD21-A430-4213-8B39-02B7127F2108}.Debug|iPhoneSimulator.Build.0 = Debug|iPhoneSimulator
		{62C9CD21-A430-4213-8B39-02B7127F2108}.Release|Any CPU.ActiveCfg = Release|iPhone
		{62C9CD21-A430-4213-8B39-02B7127F2108}.Release|iPhone.ActiveCfg = Release|iPhone
		{62C9CD21-A430-4213-8B39-02B7127F2108}.Release|iPhone.Build.0 = Release|iPhone
		{62C9CD21-A430-4213-8B39-02B7127F2108}.Release|iPhoneSimulator.ActiveCfg = Release|iPhoneSimulator
		{62C9CD21-A430-4213-8B39-02B7127F2108}.Release|iPhoneSimulator.Build.0 = Release|iPhoneSimulator
		{C437290F-18F5-4DED-BF76-9BEFD79E6AD8}.Ad-Hoc|Any CPU.ActiveCfg = Release|Any CPU
		{C437290F-18F5-4DED-BF76-9BEFD79E6AD8}.Ad-Hoc|Any CPU.Build.0 = Release|Any CPU
		{C437290F-18F5-4DED-BF76-9BEFD79E6AD8}.Ad-Hoc|Any CPU.Deploy.0 = Release|Any CPU
		{C437290F-18F5-4DED-BF76-9BEFD79E6AD8}.Ad-Hoc|iPhone.ActiveCfg = Release|Any CPU
		{C437290F-18F5-4DED-BF76-9BEFD79E6AD8}.Ad-Hoc|iPhone.Build.0 = Release|Any CPU
		{C437290F-18F5-4DED-BF76-9BEFD79E6AD8}.Ad-Hoc|iPhone.Deploy.0 = Release|Any CPU
		{C437290F-18F5-4DED-BF76-9BEFD79E6AD8}.Ad-Hoc|iPhoneSimulator.ActiveCfg = Release|Any CPU
		{C437290F-18F5-4DED-BF76-9BEFD79E6AD8}.Ad-Hoc|iPhoneSimulator.Build.0 = Release|Any CPU
		{C437290F-18F5-4DED-BF76-9BEFD79E6AD8}.Ad-Hoc|iPhoneSimulator.Deploy.0 = Release|Any CPU
		{C437290F-18F5-4DED-BF76-9BEFD79E6AD8}.AppStore|Any CPU.ActiveCfg = Release|Any CPU
		{C437290F-18F5-4DED-BF76-9BEFD79E6AD8}.AppStore|Any CPU.Build.0 = Release|Any CPU
		{C437290F-18F5-4DED-BF76-9BEFD79E6AD8}.AppStore|Any CPU.Deploy.0 = Release|Any CPU
		{C437290F-18F5-4DED-BF76-9BEFD79E6AD8}.AppStore|iPhone.ActiveCfg = Release|Any CPU
		{C437290F-18F5-4DED-BF76-9BEFD79E6AD8}.AppStore|iPhone.Build.0 = Release|Any CPU
		{C437290F-18F5-4DED-BF76-9BEFD79E6AD8}.AppStore|iPhone.Deploy.0 = Release|Any CPU
		{C437290F-18F5-4DED-BF76-9BEFD79E6AD8}.AppStore|iPhoneSimulator.ActiveCfg = Release|Any CPU
		{C437290F-18F5-4DED-BF76-9BEFD79E6AD8}.AppStore|iPhoneSimulator.Build.0 = Release|Any CPU
		{C437290F-18F5-4DED-BF76-9BEFD79E6AD8}.AppStore|iPhoneSimulator.Deploy.0 = Release|Any CPU
		{C437290F-18F5-4DED-BF76-9BEFD79E6AD8}.Debug|Any CPU.ActiveCfg = Debug|Any CPU
		{C437290F-18F5-4DED-BF76-9BEFD79E6AD8}.Debug|Any CPU.Build.0 = Debug|Any CPU
		{C437290F-18F5-4DED-BF76-9BEFD79E6AD8}.Debug|Any CPU.Deploy.0 = Debug|Any CPU
		{C437290F-18F5-4DED-BF76-9BEFD79E6AD8}.Debug|iPhone.ActiveCfg = Debug|Any CPU
		{C437290F-18F5-4DED-BF76-9BEFD79E6AD8}.Debug|iPhone.Build.0 = Debug|Any CPU
		{C437290F-18F5-4DED-BF76-9BEFD79E6AD8}.Debug|iPhone.Deploy.0 = Debug|Any CPU
		{C437290F-18F5-4DED-BF76-9BEFD79E6AD8}.Debug|iPhoneSimulator.ActiveCfg = Debug|Any CPU
		{C437290F-18F5-4DED-BF76-9BEFD79E6AD8}.Debug|iPhoneSimulator.Build.0 = Debug|Any CPU
		{C437290F-18F5-4DED-BF76-9BEFD79E6AD8}.Debug|iPhoneSimulator.Deploy.0 = Debug|Any CPU
		{C437290F-18F5-4DED-BF76-9BEFD79E6AD8}.Release|Any CPU.ActiveCfg = Release|Any CPU
		{C437290F-18F5-4DED-BF76-9BEFD79E6AD8}.Release|Any CPU.Build.0 = Release|Any CPU
		{C437290F-18F5-4DED-BF76-9BEFD79E6AD8}.Release|Any CPU.Deploy.0 = Release|Any CPU
		{C437290F-18F5-4DED-BF76-9BEFD79E6AD8}.Release|iPhone.ActiveCfg = Release|Any CPU
		{C437290F-18F5-4DED-BF76-9BEFD79E6AD8}.Release|iPhone.Build.0 = Release|Any CPU
		{C437290F-18F5-4DED-BF76-9BEFD79E6AD8}.Release|iPhone.Deploy.0 = Release|Any CPU
		{C437290F-18F5-4DED-BF76-9BEFD79E6AD8}.Release|iPhoneSimulator.ActiveCfg = Release|Any CPU
		{C437290F-18F5-4DED-BF76-9BEFD79E6AD8}.Release|iPhoneSimulator.Build.0 = Release|Any CPU
		{C437290F-18F5-4DED-BF76-9BEFD79E6AD8}.Release|iPhoneSimulator.Deploy.0 = Release|Any CPU
		{A66BC088-DFDA-4D56-9AB2-AD3374FC6CD0}.Ad-Hoc|Any CPU.ActiveCfg = Release|iPhone
		{A66BC088-DFDA-4D56-9AB2-AD3374FC6CD0}.Ad-Hoc|Any CPU.Build.0 = Release|iPhone
		{A66BC088-DFDA-4D56-9AB2-AD3374FC6CD0}.Ad-Hoc|iPhone.ActiveCfg = Release|iPhone
		{A66BC088-DFDA-4D56-9AB2-AD3374FC6CD0}.Ad-Hoc|iPhone.Build.0 = Release|iPhone
		{A66BC088-DFDA-4D56-9AB2-AD3374FC6CD0}.Ad-Hoc|iPhoneSimulator.ActiveCfg = Release|iPhoneSimulator
		{A66BC088-DFDA-4D56-9AB2-AD3374FC6CD0}.Ad-Hoc|iPhoneSimulator.Build.0 = Release|iPhoneSimulator
		{A66BC088-DFDA-4D56-9AB2-AD3374FC6CD0}.AppStore|Any CPU.ActiveCfg = Release|iPhone
		{A66BC088-DFDA-4D56-9AB2-AD3374FC6CD0}.AppStore|Any CPU.Build.0 = Release|iPhone
		{A66BC088-DFDA-4D56-9AB2-AD3374FC6CD0}.AppStore|iPhone.ActiveCfg = Release|iPhone
		{A66BC088-DFDA-4D56-9AB2-AD3374FC6CD0}.AppStore|iPhone.Build.0 = Release|iPhone
		{A66BC088-DFDA-4D56-9AB2-AD3374FC6CD0}.AppStore|iPhoneSimulator.ActiveCfg = Release|iPhoneSimulator
		{A66BC088-DFDA-4D56-9AB2-AD3374FC6CD0}.AppStore|iPhoneSimulator.Build.0 = Release|iPhoneSimulator
		{A66BC088-DFDA-4D56-9AB2-AD3374FC6CD0}.Debug|Any CPU.ActiveCfg = Debug|iPhone
		{A66BC088-DFDA-4D56-9AB2-AD3374FC6CD0}.Debug|iPhone.ActiveCfg = Debug|iPhone
		{A66BC088-DFDA-4D56-9AB2-AD3374FC6CD0}.Debug|iPhone.Build.0 = Debug|iPhone
		{A66BC088-DFDA-4D56-9AB2-AD3374FC6CD0}.Debug|iPhoneSimulator.ActiveCfg = Debug|iPhoneSimulator
		{A66BC088-DFDA-4D56-9AB2-AD3374FC6CD0}.Debug|iPhoneSimulator.Build.0 = Debug|iPhoneSimulator
		{A66BC088-DFDA-4D56-9AB2-AD3374FC6CD0}.Release|Any CPU.ActiveCfg = Release|iPhone
		{A66BC088-DFDA-4D56-9AB2-AD3374FC6CD0}.Release|iPhone.ActiveCfg = Release|iPhone
		{A66BC088-DFDA-4D56-9AB2-AD3374FC6CD0}.Release|iPhone.Build.0 = Release|iPhone
		{A66BC088-DFDA-4D56-9AB2-AD3374FC6CD0}.Release|iPhoneSimulator.ActiveCfg = Release|iPhoneSimulator
		{A66BC088-DFDA-4D56-9AB2-AD3374FC6CD0}.Release|iPhoneSimulator.Build.0 = Release|iPhoneSimulator
	EndGlobalSection
	GlobalSection(SolutionProperties) = preSolution
		HideSolutionNode = FALSE
	EndGlobalSection
	GlobalSection(ExtensibilityGlobals) = postSolution
		SolutionGuid = {83F87FA0-BA8B-42FB-9EF0-634E0C46D6B1}
	EndGlobalSection
EndGlobal
